
Microsoft Visual Studio Solution File, Format Version 12.00
# Visual Studio 2013
VisualStudioVersion = 12.0.20623.1 VSUPREVIEW
MinimumVisualStudioVersion = 10.0.40219.1
Project("{FAE04EC0-301F-11D3-BF4B-00C04F79EFBC}") = "ClosedXMLSample", "ClosedXMLSample\ClosedXMLSample.csproj", "{5608A8FA-3355-46F0-B8AC-1D94B56043A3}"
EndProject
Project("{FAE04EC0-301F-11D3-BF4B-00C04F79EFBC}") = "ClosedXmlSample2", "ClosedXmlSample2\ClosedXmlSample2.csproj", "{BF5FEED8-4748-4A7D-A7D4-53EE7A694DDC}"
EndProject
Global
	GlobalSection(SolutionConfigurationPlatforms) = preSolution
		Debug|Any CPU = Debug|Any CPU
		Release|Any CPU = Release|Any CPU
	EndGlobalSection
	GlobalSection(ProjectConfigurationPlatforms) = postSolution
		{5608A8FA-3355-46F0-B8AC-1D94B56043A3}.Debug|Any CPU.ActiveCfg = Debug|Any CPU
		{5608A8FA-3355-46F0-B8AC-1D94B56043A3}.Debug|Any CPU.Build.0 = Debug|Any CPU
		{5608A8FA-3355-46F0-B8AC-1D94B56043A3}.Release|Any CPU.ActiveCfg = Release|Any CPU
		{5608A8FA-3355-46F0-B8AC-1D94B56043A3}.Release|Any CPU.Build.0 = Release|Any CPU
		{BF5FEED8-4748-4A7D-A7D4-53EE7A694DDC}.Debug|Any CPU.ActiveCfg = Debug|Any CPU
		{BF5FEED8-4748-4A7D-A7D4-53EE7A694DDC}.Debug|Any CPU.Build.0 = Debug|Any CPU
		{BF5FEED8-4748-4A7D-A7D4-53EE7A694DDC}.Release|Any CPU.ActiveCfg = Release|Any CPU
		{BF5FEED8-4748-4A7D-A7D4-53EE7A694DDC}.Release|Any CPU.Build.0 = Release|Any CPU
	EndGlobalSection
	GlobalSection(SolutionProperties) = preSolution
		HideSolutionNode = FALSE
	EndGlobalSection
EndGlobal
